<?xml version="1.0" encoding="utf-8"?>
<Project ToolsVersion="4.0" xmlns="http://schemas.microsoft.com/developer/msbuild/2003">
  <ItemGroup>
    <Filter Include="Source Files">
      <UniqueIdentifier>{4FC737F1-C7A5-4376-A066-2A32D752A2FF}</UniqueIdentifier>
      <Extensions>cpp;c;cc;cxx;c++;cppm;ixx;def;odl;idl;hpj;bat;asm;asmx</Extensions>
    </Filter>
    <Filter Include="Header Files">
      <UniqueIdentifier>{93995380-89BD-4b04-88EB-625FBE52EBFB}</UniqueIdentifier>
      <Extensions>h;hh;hpp;hxx;h++;hm;inl;inc;ipp;xsd</Extensions>
    </Filter>
    <Filter Include="Resource Files">
      <UniqueIdentifier>{67DA6AB6-F800-4c08-8B7A-83BB121AAD01}</UniqueIdentifier>
      <Extensions>rc;ico;cur;bmp;dlg;rc2;rct;bin;rgs;gif;jpg;jpeg;jpe;resx;tiff;tif;png;wav;mfcribbon-ms</Extensions>
    </Filter>
  </ItemGroup>
  <ItemGroup>
    <ClInclude Include="src\Base\CPlayer.h">
      <Filter>Header Files</Filter>
    </ClInclude>
    <ClInclude Include="src\Base\CBaseEntity.h">
      <Filter>Header Files</Filter>
    </ClInclude>
    <ClInclude Include="src\Base\CPool.h">
      <Filter>Header Files</Filter>
    </ClInclude>
    <ClInclude Include="src\Api\CAPIManager.h">
      <Filter>Header Files</Filter>
    </ClInclude>
    <ClInclude Include="src\Api\INormalGamemode.h">
      <Filter>Header Files</Filter>
    </ClInclude>
    <ClInclude Include="src\Functions\Functions.h">
      <Filter>Header Files</Filter>
    </ClInclude>
    <ClInclude Include="src\Api\INormalGamemodeApi.h">
      <Filter>Header Files</Filter>
    </ClInclude>
    <ClInclude Include="src\Api\IGamemode.h">
      <Filter>Header Files</Filter>
    </ClInclude>
    <ClInclude Include="src\Functions\StringFunctions.h">
      <Filter>Header Files</Filter>
    </ClInclude>
    <ClInclude Include="src\Functions\VectorFunctions.h">
      <Filter>Header Files</Filter>
    </ClInclude>
    <ClInclude Include="src\Maths\CVector3f.h">
      <Filter>Header Files</Filter>
    </ClInclude>
    <ClInclude Include="src\Maths\CVector2f.h">
      <Filter>Header Files</Filter>
    </ClInclude>
    <ClInclude Include="src\Maths\CPoint2D.h">
      <Filter>Header Files</Filter>
    </ClInclude>
    <ClInclude Include="src\Maths\CPoint3D.h">
      <Filter>Header Files</Filter>
    </ClInclude>
    <ClInclude Include="src\Base\CVehicle.h">
      <Filter>Header Files</Filter>
    </ClInclude>
    <ClInclude Include="src\Base\CVehicleSeats.h">
      <Filter>Header Files</Filter>
    </ClInclude>
    <ClInclude Include="src\ThirdParty\FCNPC.h">
      <Filter>Header Files</Filter>
    </ClInclude>
    <ClInclude Include="src\Base\CNpc.h">
      <Filter>Header Files</Filter>
    </ClInclude>
    <ClInclude Include="src\JavascriptFunctions\SAMPJS.h">
      <Filter>Header Files</Filter>
    </ClInclude>
    <ClInclude Include="src\JavascriptFunctions\FCNPCJS.h">
      <Filter>Header Files</Filter>
    </ClInclude>
    <ClInclude Include="src\Base\CNpcConfig.h">
      <Filter>Header Files</Filter>
    </ClInclude>
    <ClInclude Include="src\JavascriptFunctions\JSTimerParameterPack.h">
      <Filter>Header Files</Filter>
    </ClInclude>
    <ClInclude Include="src\JavascriptFunctions\MATHJS.h">
      <Filter>Header Files</Filter>
    </ClInclude>
    <ClInclude Include="src\Base\CNPCJsQueue.h">
      <Filter>Header Files</Filter>
    </ClInclude>
    <ClInclude Include="src\Base\CLogger.h">
      <Filter>Header Files</Filter>
    </ClInclude>
  </ItemGroup>
  <ItemGroup>
    <ClCompile Include="src\Base\CPlayer.cpp">
      <Filter>Source Files</Filter>
    </ClCompile>
    <ClCompile Include="src\Base\CBaseEntity.cpp">
      <Filter>Source Files</Filter>
    </ClCompile>
    <ClCompile Include="src\Base\CPool.cpp">
      <Filter>Source Files</Filter>
    </ClCompile>
    <ClCompile Include="src\Api\CAPIManager.cpp">
      <Filter>Source Files</Filter>
    </ClCompile>
    <ClCompile Include="src\Functions\Functions.cpp">
      <Filter>Source Files</Filter>
    </ClCompile>
    <ClCompile Include="src\Maths\CVector3f.cpp">
      <Filter>Source Files</Filter>
    </ClCompile>
    <ClCompile Include="src\Maths\CVector2f.cpp">
      <Filter>Source Files</Filter>
    </ClCompile>
    <ClCompile Include="src\Maths\CPoint2D.cpp">
      <Filter>Source Files</Filter>
    </ClCompile>
    <ClCompile Include="src\Maths\CPoint3D.cpp">
      <Filter>Source Files</Filter>
    </ClCompile>
    <ClCompile Include="src\Base\CVehicle.cpp">
      <Filter>Source Files</Filter>
    </ClCompile>
    <ClCompile Include="src\Base\CVehicleSeats.cpp">
      <Filter>Source Files</Filter>
    </ClCompile>
    <ClCompile Include="src\ThirdParty\FCNPC.cpp">
      <Filter>Source Files</Filter>
    </ClCompile>
    <ClCompile Include="src\Base\CNpc.cpp">
      <Filter>Source Files</Filter>
    </ClCompile>
    <ClCompile Include="src\JavascriptFunctions\SAMPJS.cpp">
      <Filter>Source Files</Filter>
    </ClCompile>
    <ClCompile Include="src\JavascriptFunctions\FCNPCJS.cpp">
      <Filter>Source Files</Filter>
    </ClCompile>
    <ClCompile Include="src\Base\CNpcConfig.cpp">
      <Filter>Source Files</Filter>
    </ClCompile>
    <ClCompile Include="src\JavascriptFunctions\MATHJS.cpp">
      <Filter>Source Files</Filter>
    </ClCompile>
    <ClCompile Include="src\Base\CNPCJsQueue.cpp">
      <Filter>Source Files</Filter>
    </ClCompile>
    <ClCompile Include="src\Base\CLogger.cpp">
      <Filter>Source Files</Filter>
    </ClCompile>
  </ItemGroup>
</Project>